
Microsoft Visual Studio Solution File, Format Version 12.00
# Visual Studio Version 17
VisualStudioVersion = 17.0.31717.71
MinimumVisualStudioVersion = 10.0.40219.1
Project("{FAE04EC0-301F-11D3-BF4B-00C04F79EFBC}") = "Home Work", "Home Work\Home Work.csproj", "{D0B2AC3C-E6AD-4B46-84C6-AE35A5CEE126}"
EndProject
Global
	GlobalSection(SolutionConfigurationPlatforms) = preSolution
		Debug|Any CPU = Debug|Any CPU
		Release|Any CPU = Release|Any CPU
	EndGlobalSection
	GlobalSection(ProjectConfigurationPlatforms) = postSolution
		{D0B2AC3C-E6AD-4B46-84C6-AE35A5CEE126}.Debug|Any CPU.ActiveCfg = Debug|Any CPU
		{D0B2AC3C-E6AD-4B46-84C6-AE35A5CEE126}.Debug|Any CPU.Build.0 = Debug|Any CPU
		{D0B2AC3C-E6AD-4B46-84C6-AE35A5CEE126}.Release|Any CPU.ActiveCfg = Release|Any CPU
		{D0B2AC3C-E6AD-4B46-84C6-AE35A5CEE126}.Release|Any CPU.Build.0 = Release|Any CPU
	EndGlobalSection
	GlobalSection(SolutionProperties) = preSolution
		HideSolutionNode = FALSE
	EndGlobalSection
	GlobalSection(ExtensibilityGlobals) = postSolution
		SolutionGuid = {0E3603ED-16A9-44B2-AAA6-C8E474D3C1F4}
	EndGlobalSection
EndGlobal
