
Microsoft Visual Studio Solution File, Format Version 12.00
# Visual Studio Version 17
VisualStudioVersion = 17.0.31717.71
MinimumVisualStudioVersion = 10.0.40219.1
Project("{FAE04EC0-301F-11D3-BF4B-00C04F79EFBC}") = "EventsDemo", "EventsDemo\EventsDemo.csproj", "{A825A0DE-03EC-410E-B4FD-69EAF241E33C}"
EndProject
Project("{FAE04EC0-301F-11D3-BF4B-00C04F79EFBC}") = "Example", "Example\Example.csproj", "{6815F8EE-DDFB-429D-9BEC-E2F0584EF128}"
EndProject
Global
	GlobalSection(SolutionConfigurationPlatforms) = preSolution
		Debug|Any CPU = Debug|Any CPU
		Release|Any CPU = Release|Any CPU
	EndGlobalSection
	GlobalSection(ProjectConfigurationPlatforms) = postSolution
		{A825A0DE-03EC-410E-B4FD-69EAF241E33C}.Debug|Any CPU.ActiveCfg = Debug|Any CPU
		{A825A0DE-03EC-410E-B4FD-69EAF241E33C}.Debug|Any CPU.Build.0 = Debug|Any CPU
		{A825A0DE-03EC-410E-B4FD-69EAF241E33C}.Release|Any CPU.ActiveCfg = Release|Any CPU
		{A825A0DE-03EC-410E-B4FD-69EAF241E33C}.Release|Any CPU.Build.0 = Release|Any CPU
		{6815F8EE-DDFB-429D-9BEC-E2F0584EF128}.Debug|Any CPU.ActiveCfg = Debug|Any CPU
		{6815F8EE-DDFB-429D-9BEC-E2F0584EF128}.Debug|Any CPU.Build.0 = Debug|Any CPU
		{6815F8EE-DDFB-429D-9BEC-E2F0584EF128}.Release|Any CPU.ActiveCfg = Release|Any CPU
		{6815F8EE-DDFB-429D-9BEC-E2F0584EF128}.Release|Any CPU.Build.0 = Release|Any CPU
	EndGlobalSection
	GlobalSection(SolutionProperties) = preSolution
		HideSolutionNode = FALSE
	EndGlobalSection
	GlobalSection(ExtensibilityGlobals) = postSolution
		SolutionGuid = {74D26E30-BE67-4597-A9B7-722722E26D0B}
	EndGlobalSection
EndGlobal
