
Microsoft Visual Studio Solution File, Format Version 12.00
# Visual Studio Version 16
VisualStudioVersion = 16.0.29411.108
MinimumVisualStudioVersion = 10.0.40219.1
Project("{FAE04EC0-301F-11D3-BF4B-00C04F79EFBC}") = "003_Hashtables", "Hashtables\003_Hashtables.csproj", "{A8C14A73-77F7-4AFB-908E-F0CFA2882F2B}"
EndProject
Project("{FAE04EC0-301F-11D3-BF4B-00C04F79EFBC}") = "001_Lists", "Lists\001_Lists.csproj", "{370C9BFB-2A78-4E2C-9F36-BC7FCF2980D0}"
EndProject
Project("{FAE04EC0-301F-11D3-BF4B-00C04F79EFBC}") = "002_ObservableCollection", "ObservableCollectionDemo\002_ObservableCollection.csproj", "{AF9AA44A-8DF1-4AC1-AE2B-B222EEFEC762}"
EndProject
Global
	GlobalSection(SolutionConfigurationPlatforms) = preSolution
		Debug|Any CPU = Debug|Any CPU
		Release|Any CPU = Release|Any CPU
	EndGlobalSection
	GlobalSection(ProjectConfigurationPlatforms) = postSolution
		{A8C14A73-77F7-4AFB-908E-F0CFA2882F2B}.Debug|Any CPU.ActiveCfg = Debug|Any CPU
		{A8C14A73-77F7-4AFB-908E-F0CFA2882F2B}.Debug|Any CPU.Build.0 = Debug|Any CPU
		{A8C14A73-77F7-4AFB-908E-F0CFA2882F2B}.Release|Any CPU.ActiveCfg = Release|Any CPU
		{A8C14A73-77F7-4AFB-908E-F0CFA2882F2B}.Release|Any CPU.Build.0 = Release|Any CPU
		{370C9BFB-2A78-4E2C-9F36-BC7FCF2980D0}.Debug|Any CPU.ActiveCfg = Debug|Any CPU
		{370C9BFB-2A78-4E2C-9F36-BC7FCF2980D0}.Debug|Any CPU.Build.0 = Debug|Any CPU
		{370C9BFB-2A78-4E2C-9F36-BC7FCF2980D0}.Release|Any CPU.ActiveCfg = Release|Any CPU
		{370C9BFB-2A78-4E2C-9F36-BC7FCF2980D0}.Release|Any CPU.Build.0 = Release|Any CPU
		{AF9AA44A-8DF1-4AC1-AE2B-B222EEFEC762}.Debug|Any CPU.ActiveCfg = Debug|Any CPU
		{AF9AA44A-8DF1-4AC1-AE2B-B222EEFEC762}.Debug|Any CPU.Build.0 = Debug|Any CPU
		{AF9AA44A-8DF1-4AC1-AE2B-B222EEFEC762}.Release|Any CPU.ActiveCfg = Release|Any CPU
		{AF9AA44A-8DF1-4AC1-AE2B-B222EEFEC762}.Release|Any CPU.Build.0 = Release|Any CPU
	EndGlobalSection
	GlobalSection(SolutionProperties) = preSolution
		HideSolutionNode = FALSE
	EndGlobalSection
	GlobalSection(ExtensibilityGlobals) = postSolution
		SolutionGuid = {B53DF87E-F2B5-47AB-9D2E-C9A9D1648128}
	EndGlobalSection
EndGlobal
