
Microsoft Visual Studio Solution File, Format Version 12.00
# Visual Studio Version 17
VisualStudioVersion = 17.0.31710.8
MinimumVisualStudioVersion = 10.0.40219.1
Project("{FAE04EC0-301F-11D3-BF4B-00C04F79EFBC}") = "Home Work", "Home Work\Home Work.csproj", "{C812F507-0AD4-4820-B321-67D9D5DA94A0}"
EndProject
Global
	GlobalSection(SolutionConfigurationPlatforms) = preSolution
		Debug|Any CPU = Debug|Any CPU
		Release|Any CPU = Release|Any CPU
	EndGlobalSection
	GlobalSection(ProjectConfigurationPlatforms) = postSolution
		{C812F507-0AD4-4820-B321-67D9D5DA94A0}.Debug|Any CPU.ActiveCfg = Debug|Any CPU
		{C812F507-0AD4-4820-B321-67D9D5DA94A0}.Debug|Any CPU.Build.0 = Debug|Any CPU
		{C812F507-0AD4-4820-B321-67D9D5DA94A0}.Release|Any CPU.ActiveCfg = Release|Any CPU
		{C812F507-0AD4-4820-B321-67D9D5DA94A0}.Release|Any CPU.Build.0 = Release|Any CPU
	EndGlobalSection
	GlobalSection(SolutionProperties) = preSolution
		HideSolutionNode = FALSE
	EndGlobalSection
	GlobalSection(ExtensibilityGlobals) = postSolution
		SolutionGuid = {A108AE50-20C3-4262-8390-314250212755}
	EndGlobalSection
EndGlobal
