
Microsoft Visual Studio Solution File, Format Version 12.00
# Visual Studio Version 16
VisualStudioVersion = 16.0.31729.503
MinimumVisualStudioVersion = 10.0.40219.1
Project("{FAE04EC0-301F-11D3-BF4B-00C04F79EFBC}") = "001_BinarySerialisation", "SerialisationDemo\001_BinarySerialisation.csproj", "{7B4F50A2-3545-48BB-A429-ECC837E49B09}"
EndProject
Project("{FAE04EC0-301F-11D3-BF4B-00C04F79EFBC}") = "002_XMLserialization", "XMLserialization\002_XMLserialization.csproj", "{93D36380-00D0-4861-8C13-D47EFC190BDF}"
EndProject
Global
	GlobalSection(SolutionConfigurationPlatforms) = preSolution
		Debug|Any CPU = Debug|Any CPU
		Release|Any CPU = Release|Any CPU
	EndGlobalSection
	GlobalSection(ProjectConfigurationPlatforms) = postSolution
		{7B4F50A2-3545-48BB-A429-ECC837E49B09}.Debug|Any CPU.ActiveCfg = Debug|Any CPU
		{7B4F50A2-3545-48BB-A429-ECC837E49B09}.Debug|Any CPU.Build.0 = Debug|Any CPU
		{7B4F50A2-3545-48BB-A429-ECC837E49B09}.Release|Any CPU.ActiveCfg = Release|Any CPU
		{7B4F50A2-3545-48BB-A429-ECC837E49B09}.Release|Any CPU.Build.0 = Release|Any CPU
		{93D36380-00D0-4861-8C13-D47EFC190BDF}.Debug|Any CPU.ActiveCfg = Debug|Any CPU
		{93D36380-00D0-4861-8C13-D47EFC190BDF}.Debug|Any CPU.Build.0 = Debug|Any CPU
		{93D36380-00D0-4861-8C13-D47EFC190BDF}.Release|Any CPU.ActiveCfg = Release|Any CPU
		{93D36380-00D0-4861-8C13-D47EFC190BDF}.Release|Any CPU.Build.0 = Release|Any CPU
	EndGlobalSection
	GlobalSection(SolutionProperties) = preSolution
		HideSolutionNode = FALSE
	EndGlobalSection
	GlobalSection(ExtensibilityGlobals) = postSolution
		SolutionGuid = {3EE6DA3E-52BF-4C71-B368-ECAFFAED925C}
	EndGlobalSection
EndGlobal
