
Microsoft Visual Studio Solution File, Format Version 12.00
# Visual Studio Version 16
VisualStudioVersion = 16.0.29306.81
MinimumVisualStudioVersion = 10.0.40219.1
Project("{FAE04EC0-301F-11D3-BF4B-00C04F79EFBC}") = "HelloApplication", "HelloApplication\HelloApplication.csproj", "{E8AAA25B-B0FF-4A1F-A55F-EF75AB0FFCD9}"
EndProject
Project("{FAE04EC0-301F-11D3-BF4B-00C04F79EFBC}") = "TypesDemo", "TypesDemo\TypesDemo.csproj", "{5BBB4D5A-67E3-4F0F-BF59-9D3DE1CBA1F8}"
EndProject
Project("{FAE04EC0-301F-11D3-BF4B-00C04F79EFBC}") = "Hello", "Hello\Hello.csproj", "{4464A11D-2BD3-466F-9F8C-C354212C9447}"
EndProject
Global
	GlobalSection(SolutionConfigurationPlatforms) = preSolution
		Debug|Any CPU = Debug|Any CPU
		Release|Any CPU = Release|Any CPU
	EndGlobalSection
	GlobalSection(ProjectConfigurationPlatforms) = postSolution
		{E8AAA25B-B0FF-4A1F-A55F-EF75AB0FFCD9}.Debug|Any CPU.ActiveCfg = Debug|Any CPU
		{E8AAA25B-B0FF-4A1F-A55F-EF75AB0FFCD9}.Debug|Any CPU.Build.0 = Debug|Any CPU
		{E8AAA25B-B0FF-4A1F-A55F-EF75AB0FFCD9}.Release|Any CPU.ActiveCfg = Release|Any CPU
		{E8AAA25B-B0FF-4A1F-A55F-EF75AB0FFCD9}.Release|Any CPU.Build.0 = Release|Any CPU
		{5BBB4D5A-67E3-4F0F-BF59-9D3DE1CBA1F8}.Debug|Any CPU.ActiveCfg = Debug|Any CPU
		{5BBB4D5A-67E3-4F0F-BF59-9D3DE1CBA1F8}.Debug|Any CPU.Build.0 = Debug|Any CPU
		{5BBB4D5A-67E3-4F0F-BF59-9D3DE1CBA1F8}.Release|Any CPU.ActiveCfg = Release|Any CPU
		{5BBB4D5A-67E3-4F0F-BF59-9D3DE1CBA1F8}.Release|Any CPU.Build.0 = Release|Any CPU
		{4464A11D-2BD3-466F-9F8C-C354212C9447}.Debug|Any CPU.ActiveCfg = Debug|Any CPU
		{4464A11D-2BD3-466F-9F8C-C354212C9447}.Debug|Any CPU.Build.0 = Debug|Any CPU
		{4464A11D-2BD3-466F-9F8C-C354212C9447}.Release|Any CPU.ActiveCfg = Release|Any CPU
		{4464A11D-2BD3-466F-9F8C-C354212C9447}.Release|Any CPU.Build.0 = Release|Any CPU
	EndGlobalSection
	GlobalSection(SolutionProperties) = preSolution
		HideSolutionNode = FALSE
	EndGlobalSection
	GlobalSection(ExtensibilityGlobals) = postSolution
		SolutionGuid = {38E9B39C-EBC4-40DB-92F7-CBEC19809D1D}
	EndGlobalSection
EndGlobal
