
Microsoft Visual Studio Solution File, Format Version 12.00
# Visual Studio Version 16
VisualStudioVersion = 16.0.29306.81
MinimumVisualStudioVersion = 10.0.40219.1
Project("{FAE04EC0-301F-11D3-BF4B-00C04F79EFBC}") = "OperatorsLoop", "OperatorsLoop\OperatorsLoop.csproj", "{B2208A37-79EF-4A29-B870-EB0BA5984449}"
EndProject
Project("{FAE04EC0-301F-11D3-BF4B-00C04F79EFBC}") = "OperatorsCondition", "OperatorsCondition\OperatorsCondition.csproj", "{277B6CFF-6FDA-454C-A996-73AF0D00483C}"
EndProject
Global
	GlobalSection(SolutionConfigurationPlatforms) = preSolution
		Debug|Any CPU = Debug|Any CPU
		Release|Any CPU = Release|Any CPU
	EndGlobalSection
	GlobalSection(ProjectConfigurationPlatforms) = postSolution
		{B2208A37-79EF-4A29-B870-EB0BA5984449}.Debug|Any CPU.ActiveCfg = Debug|Any CPU
		{B2208A37-79EF-4A29-B870-EB0BA5984449}.Debug|Any CPU.Build.0 = Debug|Any CPU
		{B2208A37-79EF-4A29-B870-EB0BA5984449}.Release|Any CPU.ActiveCfg = Release|Any CPU
		{B2208A37-79EF-4A29-B870-EB0BA5984449}.Release|Any CPU.Build.0 = Release|Any CPU
		{277B6CFF-6FDA-454C-A996-73AF0D00483C}.Debug|Any CPU.ActiveCfg = Debug|Any CPU
		{277B6CFF-6FDA-454C-A996-73AF0D00483C}.Debug|Any CPU.Build.0 = Debug|Any CPU
		{277B6CFF-6FDA-454C-A996-73AF0D00483C}.Release|Any CPU.ActiveCfg = Release|Any CPU
		{277B6CFF-6FDA-454C-A996-73AF0D00483C}.Release|Any CPU.Build.0 = Release|Any CPU
	EndGlobalSection
	GlobalSection(SolutionProperties) = preSolution
		HideSolutionNode = FALSE
	EndGlobalSection
	GlobalSection(ExtensibilityGlobals) = postSolution
		SolutionGuid = {2EEEB0DC-605D-477C-9644-483C55EB21EA}
	EndGlobalSection
EndGlobal
