
Microsoft Visual Studio Solution File, Format Version 12.00
# Visual Studio Version 17
VisualStudioVersion = 17.0.31612.314
MinimumVisualStudioVersion = 10.0.40219.1
Project("{FAE04EC0-301F-11D3-BF4B-00C04F79EFBC}") = "Home Work", "Home Work\Home Work.csproj", "{9B8AEFB1-0504-4953-B8AB-C110F04D2EB2}"
EndProject
Global
	GlobalSection(SolutionConfigurationPlatforms) = preSolution
		Debug|Any CPU = Debug|Any CPU
		Release|Any CPU = Release|Any CPU
	EndGlobalSection
	GlobalSection(ProjectConfigurationPlatforms) = postSolution
		{9B8AEFB1-0504-4953-B8AB-C110F04D2EB2}.Debug|Any CPU.ActiveCfg = Debug|Any CPU
		{9B8AEFB1-0504-4953-B8AB-C110F04D2EB2}.Debug|Any CPU.Build.0 = Debug|Any CPU
		{9B8AEFB1-0504-4953-B8AB-C110F04D2EB2}.Release|Any CPU.ActiveCfg = Release|Any CPU
		{9B8AEFB1-0504-4953-B8AB-C110F04D2EB2}.Release|Any CPU.Build.0 = Release|Any CPU
	EndGlobalSection
	GlobalSection(SolutionProperties) = preSolution
		HideSolutionNode = FALSE
	EndGlobalSection
	GlobalSection(ExtensibilityGlobals) = postSolution
		SolutionGuid = {CAAA22E3-78EB-4FC0-8D04-8DA8EBF3B3FF}
	EndGlobalSection
EndGlobal
